// !$*UTF8*$!
{
	archiveVersion = 1;
	classes = {
	};
	objectVersion = 46;
	objects = {

/* Begin PBXBuildFile section */
		0AD7604C1C26D0D60096DBD9 /* main.m in Sources */ = {isa = PBXBuildFile; fileRef = 0AD7604B1C26D0D60096DBD9 /* main.m */; };
		0AD7604F1C26D0D60096DBD9 /* AppDelegate.m in Sources */ = {isa = PBXBuildFile; fileRef = 0AD7604E1C26D0D60096DBD9 /* AppDelegate.m */; };
		0AD760521C26D0D60096DBD9 /* ViewController.m in Sources */ = {isa = PBXBuildFile; fileRef = 0AD760511C26D0D60096DBD9 /* ViewController.m */; };
		0AD760551C26D0D60096DBD9 /* Main.storyboard in Resources */ = {isa = PBXBuildFile; fileRef = 0AD760531C26D0D60096DBD9 /* Main.storyboard */; };
		0AD760571C26D0D60096DBD9 /* Assets.xcassets in Resources */ = {isa = PBXBuildFile; fileRef = 0AD760561C26D0D60096DBD9 /* Assets.xcassets */; };
		0AD7605A1C26D0D60096DBD9 /* LaunchScreen.storyboard in Resources */ = {isa = PBXBuildFile; fileRef = 0AD760581C26D0D60096DBD9 /* LaunchScreen.storyboard */; };
		0AD760651C26D0D60096DBD9 /* BlockTestTests.m in Sources */ = {isa = PBXBuildFile; fileRef = 0AD760641C26D0D60096DBD9 /* BlockTestTests.m */; };
		0AD760701C26D0D60096DBD9 /* BlockTestUITests.m in Sources */ = {isa = PBXBuildFile; fileRef = 0AD7606F1C26D0D60096DBD9 /* BlockTestUITests.m */; };
		0AE92C0E1C279E640025691E /* AWCentralManager.swift in Sources */ = {isa = PBXBuildFile; fileRef = 0AE92C0D1C279E640025691E /* AWCentralManager.swift */; };
		0AE92C111C279EE20025691E /* AWCentralManagerOC.m in Sources */ = {isa = PBXBuildFile; fileRef = 0AE92C101C279EE20025691E /* AWCentralManagerOC.m */; };
/* End PBXBuildFile section */

/* Begin PBXContainerItemProxy section */
		0AD760611C26D0D60096DBD9 /* PBXContainerItemProxy */ = {
			isa = PBXContainerItemProxy;
			containerPortal = 0AD7603F1C26D0D60096DBD9 /* Project object */;
			proxyType = 1;
			remoteGlobalIDString = 0AD760461C26D0D60096DBD9;
			remoteInfo = BlockTest;
		};
		0AD7606C1C26D0D60096DBD9 /* PBXContainerItemProxy */ = {
			isa = PBXContainerItemProxy;
			containerPortal = 0AD7603F1C26D0D60096DBD9 /* Project object */;
			proxyType = 1;
			remoteGlobalIDString = 0AD760461C26D0D60096DBD9;
			remoteInfo = BlockTest;
		};
/* End PBXContainerItemProxy section */

/* Begin PBXFileReference section */
		0AD760471C26D0D60096DBD9 /* BlockTest.app */ = {isa = PBXFileReference; explicitFileType = wrapper.application; includeInIndex = 0; path = BlockTest.app; sourceTree = BUILT_PRODUCTS_DIR; };
		0AD7604B1C26D0D60096DBD9 /* main.m */ = {isa = PBXFileReference; lastKnownFileType = sourcecode.c.objc; path = main.m; sourceTree = "<group>"; };
		0AD7604D1C26D0D60096DBD9 /* AppDelegate.h */ = {isa = PBXFileReference; lastKnownFileType = sourcecode.c.h; path = AppDelegate.h; sourceTree = "<group>"; };
		0AD7604E1C26D0D60096DBD9 /* AppDelegate.m */ = {isa = PBXFileReference; lastKnownFileType = sourcecode.c.objc; path = AppDelegate.m; sourceTree = "<group>"; };
		0AD760501C26D0D60096DBD9 /* ViewController.h */ = {isa = PBXFileReference; lastKnownFileType = sourcecode.c.h; path = ViewController.h; sourceTree = "<group>"; };
		0AD760511C26D0D60096DBD9 /* ViewController.m */ = {isa = PBXFileReference; lastKnownFileType = sourcecode.c.objc; path = ViewController.m; sourceTree = "<group>"; };
		0AD760541C26D0D60096DBD9 /* Base */ = {isa = PBXFileReference; lastKnownFileType = file.storyboard; name = Base; path = Base.lproj/Main.storyboard; sourceTree = "<group>"; };
		0AD760561C26D0D60096DBD9 /* Assets.xcassets */ = {isa = PBXFileReference; lastKnownFileType = folder.assetcatalog; path = Assets.xcassets; sourceTree = "<group>"; };
		0AD760591C26D0D60096DBD9 /* Base */ = {isa = PBXFileReference; lastKnownFileType = file.storyboard; name = Base; path = Base.lproj/LaunchScreen.storyboard; sourceTree = "<group>"; };
		0AD7605B1C26D0D60096DBD9 /* Info.plist */ = {isa = PBXFileReference; lastKnownFileType = text.plist.xml; path = Info.plist; sourceTree = "<group>"; };
		0AD760601C26D0D60096DBD9 /* BlockTestTests.xctest */ = {isa = PBXFileReference; explicitFileType = wrapper.cfbundle; includeInIndex = 0; path = BlockTestTests.xctest; sourceTree = BUILT_PRODUCTS_DIR; };
		0AD760641C26D0D60096DBD9 /* BlockTestTests.m */ = {isa = PBXFileReference; lastKnownFileType = sourcecode.c.objc; path = BlockTestTests.m; sourceTree = "<group>"; };
		0AD760661C26D0D60096DBD9 /* Info.plist */ = {isa = PBXFileReference; lastKnownFileType = text.plist.xml; path = Info.plist; sourceTree = "<group>"; };
		0AD7606B1C26D0D60096DBD9 /* BlockTestUITests.xctest */ = {isa = PBXFileReference; explicitFileType = wrapper.cfbundle; includeInIndex = 0; path = BlockTestUITests.xctest; sourceTree = BUILT_PRODUCTS_DIR; };
		0AD7606F1C26D0D60096DBD9 /* BlockTestUITests.m */ = {isa = PBXFileReference; lastKnownFileType = sourcecode.c.objc; path = BlockTestUITests.m; sourceTree = "<group>"; };
		0AD760711C26D0D60096DBD9 /* Info.plist */ = {isa = PBXFileReference; lastKnownFileType = text.plist.xml; path = Info.plist; sourceTree = "<group>"; };
		0AE92C0C1C279E640025691E /* BlockTest-Bridging-Header.h */ = {isa = PBXFileReference; lastKnownFileType = sourcecode.c.h; path = "BlockTest-Bridging-Header.h"; sourceTree = "<group>"; };
		0AE92C0D1C279E640025691E /* AWCentralManager.swift */ = {isa = PBXFileReference; fileEncoding = 4; lastKnownFileType = sourcecode.swift; path = AWCentralManager.swift; sourceTree = "<group>"; };
		0AE92C0F1C279EE20025691E /* AWCentralManagerOC.h */ = {isa = PBXFileReference; fileEncoding = 4; lastKnownFileType = sourcecode.c.h; path = AWCentralManagerOC.h; sourceTree = "<group>"; };
		0AE92C101C279EE20025691E /* AWCentralManagerOC.m */ = {isa = PBXFileReference; fileEncoding = 4; lastKnownFileType = sourcecode.c.objc; path = AWCentralManagerOC.m; sourceTree = "<group>"; };
/* End PBXFileReference section */

/* Begin PBXFrameworksBuildPhase section */
		0AD760441C26D0D60096DBD9 /* Frameworks */ = {
			isa = PBXFrameworksBuildPhase;
			buildActionMask = 2147483647;
			files = (
			);
			runOnlyForDeploymentPostprocessing = 0;
		};
		0AD7605D1C26D0D60096DBD9 /* Frameworks */ = {
			isa = PBXFrameworksBuildPhase;
			buildActionMask = 2147483647;
			files = (
			);
			runOnlyForDeploymentPostprocessing = 0;
		};
		0AD760681C26D0D60096DBD9 /* Frameworks */ = {
			isa = PBXFrameworksBuildPhase;
			buildActionMask = 2147483647;
			files = (
			);
			runOnlyForDeploymentPostprocessing = 0;
		};
/* End PBXFrameworksBuildPhase section */

/* Begin PBXGroup section */
		0AD7603E1C26D0D60096DBD9 = {
			isa = PBXGroup;
			children = (
				0AD760491C26D0D60096DBD9 /* BlockTest */,
				0AD760631C26D0D60096DBD9 /* BlockTestTests */,
				0AD7606E1C26D0D60096DBD9 /* BlockTestUITests */,
				0AD760481C26D0D60096DBD9 /* Products */,
			);
			sourceTree = "<group>";
		};
		0AD760481C26D0D60096DBD9 /* Products */ = {
			isa = PBXGroup;
			children = (
				0AD760471C26D0D60096DBD9 /* BlockTest.app */,
				0AD760601C26D0D60096DBD9 /* BlockTestTests.xctest */,
				0AD7606B1C26D0D60096DBD9 /* BlockTestUITests.xctest */,
			);
			name = Products;
			sourceTree = "<group>";
		};
		0AD760491C26D0D60096DBD9 /* BlockTest */ = {
			isa = PBXGroup;
			children = (
				0AE92C081C279DD10025691E /* Bluetooth */,
				0AD760501C26D0D60096DBD9 /* ViewController.h */,
				0AD760511C26D0D60096DBD9 /* ViewController.m */,
				0AD7604A1C26D0D60096DBD9 /* Supporting Files */,
			);
			path = BlockTest;
			sourceTree = "<group>";
		};
		0AD7604A1C26D0D60096DBD9 /* Supporting Files */ = {
			isa = PBXGroup;
			children = (
				0AE92C0C1C279E640025691E /* BlockTest-Bridging-Header.h */,
				0AD7604D1C26D0D60096DBD9 /* AppDelegate.h */,
				0AD7604E1C26D0D60096DBD9 /* AppDelegate.m */,
				0AD760531C26D0D60096DBD9 /* Main.storyboard */,
				0AD760561C26D0D60096DBD9 /* Assets.xcassets */,
				0AD760581C26D0D60096DBD9 /* LaunchScreen.storyboard */,
				0AD7605B1C26D0D60096DBD9 /* Info.plist */,
				0AD7604B1C26D0D60096DBD9 /* main.m */,
			);
			name = "Supporting Files";
			sourceTree = "<group>";
		};
		0AD760631C26D0D60096DBD9 /* BlockTestTests */ = {
			isa = PBXGroup;
			children = (
				0AD760641C26D0D60096DBD9 /* BlockTestTests.m */,
				0AD760661C26D0D60096DBD9 /* Info.plist */,
			);
			path = BlockTestTests;
			sourceTree = "<group>";
		};
		0AD7606E1C26D0D60096DBD9 /* BlockTestUITests */ = {
			isa = PBXGroup;
			children = (
				0AD7606F1C26D0D60096DBD9 /* BlockTestUITests.m */,
				0AD760711C26D0D60096DBD9 /* Info.plist */,
			);
			path = BlockTestUITests;
			sourceTree = "<group>";
		};
		0AE92C081C279DD10025691E /* Bluetooth */ = {
			isa = PBXGroup;
			children = (
				0AE92C0D1C279E640025691E /* AWCentralManager.swift */,
				0AE92C0F1C279EE20025691E /* AWCentralManagerOC.h */,
				0AE92C101C279EE20025691E /* AWCentralManagerOC.m */,
			);
			name = Bluetooth;
			sourceTree = "<group>";
		};
/* End PBXGroup section */

/* Begin PBXNativeTarget section */
		0AD760461C26D0D60096DBD9 /* BlockTest */ = {
			isa = PBXNativeTarget;
			buildConfigurationList = 0AD760741C26D0D60096DBD9 /* Build configuration list for PBXNativeTarget "BlockTest" */;
			buildPhases = (
				0AD760431C26D0D60096DBD9 /* Sources */,
				0AD760441C26D0D60096DBD9 /* Frameworks */,
				0AD760451C26D0D60096DBD9 /* Resources */,
			);
			buildRules = (
			);
			dependencies = (
			);
			name = BlockTest;
			productName = BlockTest;
			productReference = 0AD760471C26D0D60096DBD9 /* BlockTest.app */;
			productType = "com.apple.product-type.application";
		};
		0AD7605F1C26D0D60096DBD9 /* BlockTestTests */ = {
			isa = PBXNativeTarget;
			buildConfigurationList = 0AD760771C26D0D60096DBD9 /* Build configuration list for PBXNativeTarget "BlockTestTests" */;
			buildPhases = (
				0AD7605C1C26D0D60096DBD9 /* Sources */,
				0AD7605D1C26D0D60096DBD9 /* Frameworks */,
				0AD7605E1C26D0D60096DBD9 /* Resources */,
			);
			buildRules = (
			);
			dependencies = (
				0AD760621C26D0D60096DBD9 /* PBXTargetDependency */,
			);
			name = BlockTestTests;
			productName = BlockTestTests;
			productReference = 0AD760601C26D0D60096DBD9 /* BlockTestTests.xctest */;
			productType = "com.apple.product-type.bundle.unit-test";
		};
		0AD7606A1C26D0D60096DBD9 /* BlockTestUITests */ = {
			isa = PBXNativeTarget;
			buildConfigurationList = 0AD7607A1C26D0D60096DBD9 /* Build configuration list for PBXNativeTarget "BlockTestUITests" */;
			buildPhases = (
				0AD760671C26D0D60096DBD9 /* Sources */,
				0AD760681C26D0D60096DBD9 /* Frameworks */,
				0AD760691C26D0D60096DBD9 /* Resources */,
			);
			buildRules = (
			);
			dependencies = (
				0AD7606D1C26D0D60096DBD9 /* PBXTargetDependency */,
			);
			name = BlockTestUITests;
			productName = BlockTestUITests;
			productReference = 0AD7606B1C26D0D60096DBD9 /* BlockTestUITests.xctest */;
			productType = "com.apple.product-type.bundle.ui-testing";
		};
/* End PBXNativeTarget section */

/* Begin PBXProject section */
		0AD7603F1C26D0D60096DBD9 /* Project object */ = {
			isa = PBXProject;
			attributes = {
				LastUpgradeCheck = 0720;
				ORGANIZATIONNAME = Antony;
				TargetAttributes = {
					0AD760461C26D0D60096DBD9 = {
						CreatedOnToolsVersion = 7.2;
					};
					0AD7605F1C26D0D60096DBD9 = {
						CreatedOnToolsVersion = 7.2;
						TestTargetID = 0AD760461C26D0D60096DBD9;
					};
					0AD7606A1C26D0D60096DBD9 = {
						CreatedOnToolsVersion = 7.2;
						TestTargetID = 0AD760461C26D0D60096DBD9;
					};
				};
			};
			buildConfigurationList = 0AD760421C26D0D60096DBD9 /* Build configuration list for PBXProject "BlockTest" */;
			compatibilityVersion = "Xcode 3.2";
			developmentRegion = English;
			hasScannedForEncodings = 0;
			knownRegions = (
				en,
				Base,
			);
			mainGroup = 0AD7603E1C26D0D60096DBD9;
			productRefGroup = 0AD760481C26D0D60096DBD9 /* Products */;
			projectDirPath = "";
			projectRoot = "";
			targets = (
				0AD760461C26D0D60096DBD9 /* BlockTest */,
				0AD7605F1C26D0D60096DBD9 /* BlockTestTests */,
				0AD7606A1C26D0D60096DBD9 /* BlockTestUITests */,
			);
		};
/* End PBXProject section */

/* Begin PBXResourcesBuildPhase section */
		0AD760451C26D0D60096DBD9 /* Resources */ = {
			isa = PBXResourcesBuildPhase;
			buildActionMask = 2147483647;
			files = (
				0AD7605A1C26D0D60096DBD9 /* LaunchScreen.storyboard in Resources */,
				0AD760571C26D0D60096DBD9 /* Assets.xcassets in Resources */,
				0AD760551C26D0D60096DBD9 /* Main.storyboard in Resources */,
			);
			runOnlyForDeploymentPostprocessing = 0;
		};
		0AD7605E1C26D0D60096DBD9 /* Resources */ = {
			isa = PBXResourcesBuildPhase;
			buildActionMask = 2147483647;
			files = (
			);
			runOnlyForDeploymentPostprocessing = 0;
		};
		0AD760691C26D0D60096DBD9 /* Resources */ = {
			isa = PBXResourcesBuildPhase;
			buildActionMask = 2147483647;
			files = (
			);
			runOnlyForDeploymentPostprocessing = 0;
		};
/* End PBXResourcesBuildPhase section */

/* Begin PBXSourcesBuildPhase section */
		0AD760431C26D0D60096DBD9 /* Sources */ = {
			isa = PBXSourcesBuildPhase;
			buildActionMask = 2147483647;
			files = (
				0AD760521C26D0D60096DBD9 /* ViewController.m in Sources */,
				0AD7604F1C26D0D60096DBD9 /* AppDelegate.m in Sources */,
				0AD7604C1C26D0D60096DBD9 /* main.m in Sources */,
				0AE92C111C279EE20025691E /* AWCentralManagerOC.m in Sources */,
				0AE92C0E1C279E640025691E /* AWCentralManager.swift in Sources */,
			);
			runOnlyForDeploymentPostprocessing = 0;
		};
		0AD7605C1C26D0D60096DBD9 /* Sources */ = {
			isa = PBXSourcesBuildPhase;
			buildActionMask = 2147483647;
			files = (
				0AD760651C26D0D60096DBD9 /* BlockTestTests.m in Sources */,
			);
			runOnlyForDeploymentPostprocessing = 0;
		};
		0AD760671C26D0D60096DBD9 /* Sources */ = {
			isa = PBXSourcesBuildPhase;
			buildActionMask = 2147483647;
			files = (
				0AD760701C26D0D60096DBD9 /* BlockTestUITests.m in Sources */,
			);
			runOnlyForDeploymentPostprocessing = 0;
		};
/* End PBXSourcesBuildPhase section */

/* Begin PBXTargetDependency section */
		0AD760621C26D0D60096DBD9 /* PBXTargetDependency */ = {
			isa = PBXTargetDependency;
			target = 0AD760461C26D0D60096DBD9 /* BlockTest */;
			targetProxy = 0AD760611C26D0D60096DBD9 /* PBXContainerItemProxy */;
		};
		0AD7606D1C26D0D60096DBD9 /* PBXTargetDependency */ = {
			isa = PBXTargetDependency;
			target = 0AD760461C26D0D60096DBD9 /* BlockTest */;
			targetProxy = 0AD7606C1C26D0D60096DBD9 /* PBXContainerItemProxy */;
		};
/* End PBXTargetDependency section */

/* Begin PBXVariantGroup section */
		0AD760531C26D0D60096DBD9 /* Main.storyboard */ = {
			isa = PBXVariantGroup;
			children = (
				0AD760541C26D0D60096DBD9 /* Base */,
			);
			name = Main.storyboard;
			sourceTree = "<group>";
		};
		0AD760581C26D0D60096DBD9 /* LaunchScreen.storyboard */ = {
			isa = PBXVariantGroup;
			children = (
				0AD760591C26D0D60096DBD9 /* Base */,
			);
			name = LaunchScreen.storyboard;
			sourceTree = "<group>";
		};
/* End PBXVariantGroup section */

/* Begin XCBuildConfiguration section */
		0AD760721C26D0D60096DBD9 /* Debug */ = {
			isa = XCBuildConfiguration;
			buildSettings = {
				ALWAYS_SEARCH_USER_PATHS = NO;
				CLANG_CXX_LANGUAGE_STANDARD = "gnu++0x";
				CLANG_CXX_LIBRARY = "libc++";
				CLANG_ENABLE_MODULES = YES;
				CLANG_ENABLE_OBJC_ARC = YES;
				CLANG_WARN_BOOL_CONVERSION = YES;
				CLANG_WARN_CONSTANT_CONVERSION = YES;
				CLANG_WARN_DIRECT_OBJC_ISA_USAGE = YES_ERROR;
				CLANG_WARN_EMPTY_BODY = YES;
				CLANG_WARN_ENUM_CONVERSION = YES;
				CLANG_WARN_INT_CONVERSION = YES;
				CLANG_WARN_OBJC_ROOT_CLASS = YES_ERROR;
				CLANG_WARN_UNREACHABLE_CODE = YES;
				CLANG_WARN__DUPLICATE_METHOD_MATCH = YES;
				"CODE_SIGN_IDENTITY[sdk=iphoneos*]" = "iPhone Developer";
				COPY_PHASE_STRIP = NO;
				DEBUG_INFORMATION_FORMAT = dwarf;
				ENABLE_STRICT_OBJC_MSGSEND = YES;
				ENABLE_TESTABILITY = YES;
				GCC_C_LANGUAGE_STANDARD = gnu99;
				GCC_DYNAMIC_NO_PIC = NO;
				GCC_NO_COMMON_BLOCKS = YES;
				GCC_OPTIMIZATION_LEVEL = 0;
				GCC_PREPROCESSOR_DEFINITIONS = (
					"DEBUG=1",
					"$(inherited)",
				);
				GCC_WARN_64_TO_32_BIT_CONVERSION = YES;
				GCC_WARN_ABOUT_RETURN_TYPE = YES_ERROR;
				GCC_WARN_UNDECLARED_SELECTOR = YES;
				GCC_WARN_UNINITIALIZED_AUTOS = YES_AGGRESSIVE;
				GCC_WARN_UNUSED_FUNCTION = YES;
				GCC_WARN_UNUSED_VARIABLE = YES;
				IPHONEOS_DEPLOYMENT_TARGET = 9.2;
				MTL_ENABLE_DEBUG_INFO = YES;
				ONLY_ACTIVE_ARCH = YES;
				SDKROOT = iphoneos;
				TARGETED_DEVICE_FAMILY = "1,2";
			};
			name = Debug;
		};
		0AD760731C26D0D60096DBD9 /* Release */ = {
			isa = XCBuildConfiguration;
			buildSettings = {
				ALWAYS_SEARCH_USER_PATHS = NO;
				CLANG_CXX_LANGUAGE_STANDARD = "gnu++0x";
				CLANG_CXX_LIBRARY = "libc++";
				CLANG_ENABLE_MODULES = YES;
				CLANG_ENABLE_OBJC_ARC = YES;
				CLANG_WARN_BOOL_CONVERSION = YES;
				CLANG_WARN_CONSTANT_CONVERSION = YES;
				CLANG_WARN_DIRECT_OBJC_ISA_USAGE = YES_ERROR;
				CLANG_WARN_EMPTY_BODY = YES;
				CLANG_WARN_ENUM_CONVERSION = YES;
				CLANG_WARN_INT_CONVERSION = YES;
				CLANG_WARN_OBJC_ROOT_CLASS = YES_ERROR;
				CLANG_WARN_UNREACHABLE_CODE = YES;
				CLANG_WARN__DUPLICATE_METHOD_MATCH = YES;
				"CODE_SIGN_IDENTITY[sdk=iphoneos*]" = "iPhone Developer";
				COPY_PHASE_STRIP = NO;
				DEBUG_INFORMATION_FORMAT = "dwarf-with-dsym";
				ENABLE_NS_ASSERTIONS = NO;
				ENABLE_STRICT_OBJC_MSGSEND = YES;
				GCC_C_LANGUAGE_STANDARD = gnu99;
				GCC_NO_COMMON_BLOCKS = YES;
				GCC_WARN_64_TO_32_BIT_CONVERSION = YES;
				GCC_WARN_ABOUT_RETURN_TYPE = YES_ERROR;
				GCC_WARN_UNDECLARED_SELECTOR = YES;
				GCC_WARN_UNINITIALIZED_AUTOS = YES_AGGRESSIVE;
				GCC_WARN_UNUSED_FUNCTION = YES;
				GCC_WARN_UNUSED_VARIABLE = YES;
				IPHONEOS_DEPLOYMENT_TARGET = 9.2;
				MTL_ENABLE_DEBUG_INFO = NO;
				SDKROOT = iphoneos;
				TARGETED_DEVICE_FAMILY = "1,2";
				VALIDATE_PRODUCT = YES;
			};
			name = Release;
		};
		0AD760751C26D0D60096DBD9 /* Debug */ = {
			isa = XCBuildConfiguration;
			buildSettings = {
				ASSETCATALOG_COMPILER_APPICON_NAME = AppIcon;
				CLANG_ENABLE_MODULES = YES;
				INFOPLIST_FILE = BlockTest/Info.plist;
				LD_RUNPATH_SEARCH_PATHS = "$(inherited) @executable_path/Frameworks";
				PRODUCT_BUNDLE_IDENTIFIER = com.homni.BlockTest;
				PRODUCT_NAME = "$(TARGET_NAME)";
				SWIFT_OBJC_BRIDGING_HEADER = "BlockTest/BlockTest-Bridging-Header.h";
				SWIFT_OPTIMIZATION_LEVEL = "-Onone";
			};
			name = Debug;
		};
		0AD760761C26D0D60096DBD9 /* Release */ = {
			isa = XCBuildConfiguration;
			buildSettings = {
				ASSETCATALOG_COMPILER_APPICON_NAME = AppIcon;
				CLANG_ENABLE_MODULES = YES;
				INFOPLIST_FILE = BlockTest/Info.plist;
				LD_RUNPATH_SEARCH_PATHS = "$(inherited) @executable_path/Frameworks";
				PRODUCT_BUNDLE_IDENTIFIER = com.homni.BlockTest;
				PRODUCT_NAME = "$(TARGET_NAME)";
				SWIFT_OBJC_BRIDGING_HEADER = "BlockTest/BlockTest-Bridging-Header.h";
			};
			name = Release;
		};
		0AD760781C26D0D60096DBD9 /* Debug */ = {
			isa = XCBuildConfiguration;
			buildSettings = {
				BUNDLE_LOADER = "$(TEST_HOST)";
				INFOPLIST_FILE = BlockTestTests/Info.plist;
				LD_RUNPATH_SEARCH_PATHS = "$(inherited) @executable_path/Frameworks @loader_path/Frameworks";
				PRODUCT_BUNDLE_IDENTIFIER = com.homni.BlockTestTests;
				PRODUCT_NAME = "$(TARGET_NAME)";
				TEST_HOST = "$(BUILT_PRODUCTS_DIR)/BlockTest.app/BlockTest";
			};
			name = Debug;
		};
		0AD760791C26D0D60096DBD9 /* Release */ = {
			isa = XCBuildConfiguration;
			buildSettings = {
				BUNDLE_LOADER = "$(TEST_HOST)";
				INFOPLIST_FILE = BlockTestTests/Info.plist;
				LD_RUNPATH_SEARCH_PATHS = "$(inherited) @executable_path/Frameworks @loader_path/Frameworks";
				PRODUCT_BUNDLE_IDENTIFIER = com.homni.BlockTestTests;
				PRODUCT_NAME = "$(TARGET_NAME)";
				TEST_HOST = "$(BUILT_PRODUCTS_DIR)/BlockTest.app/BlockTest";
			};
			name = Release;
		};
		0AD7607B1C26D0D60096DBD9 /* Debug */ = {
			isa = XCBuildConfiguration;
			buildSettings = {
				INFOPLIST_FILE = BlockTestUITests/Info.plist;
				LD_RUNPATH_SEARCH_PATHS = "$(inherited) @executable_path/Frameworks @loader_path/Frameworks";
				PRODUCT_BUNDLE_IDENTIFIER = com.homni.BlockTestUITests;
				PRODUCT_NAME = "$(TARGET_NAME)";
				TEST_TARGET_NAME = BlockTest;
				USES_XCTRUNNER = YES;
			};
			name = Debug;
		};
		0AD7607C1C26D0D60096DBD9 /* Release */ = {
			isa = XCBuildConfiguration;
			buildSettings = {
				INFOPLIST_FILE = BlockTestUITests/Info.plist;
				LD_RUNPATH_SEARCH_PATHS = "$(inherited) @executable_path/Frameworks @loader_path/Frameworks";
				PRODUCT_BUNDLE_IDENTIFIER = com.homni.BlockTestUITests;
				PRODUCT_NAME = "$(TARGET_NAME)";
				TEST_TARGET_NAME = BlockTest;
				USES_XCTRUNNER = YES;
			};
			name = Release;
		};
/* End XCBuildConfiguration section */

/* Begin XCConfigurationList section */
		0AD760421C26D0D60096DBD9 /* Build configuration list for PBXProject "BlockTest" */ = {
			isa = XCConfigurationList;
			buildConfigurations = (
				0AD760721C26D0D60096DBD9 /* Debug */,
				0AD760731C26D0D60096DBD9 /* Release */,
			);
			defaultConfigurationIsVisible = 0;
			defaultConfigurationName = Release;
		};
		0AD760741C26D0D60096DBD9 /* Build configuration list for PBXNativeTarget "BlockTest" */ = {
			isa = XCConfigurationList;
			buildConfigurations = (
				0AD760751C26D0D60096DBD9 /* Debug */,
				0AD760761C26D0D60096DBD9 /* Release */,
			);
			defaultConfigurationIsVisible = 0;
			defaultConfigurationName = Release;
		};
		0AD760771C26D0D60096DBD9 /* Build configuration list for PBXNativeTarget "BlockTestTests" */ = {
			isa = XCConfigurationList;
			buildConfigurations = (
				0AD760781C26D0D60096DBD9 /* Debug */,
				0AD760791C26D0D60096DBD9 /* Release */,
			);
			defaultConfigurationIsVisible = 0;
			defaultConfigurationName = Release;
		};
		0AD7607A1C26D0D60096DBD9 /* Build configuration list for PBXNativeTarget "BlockTestUITests" */ = {
			isa = XCConfigurationList;
			buildConfigurations = (
				0AD7607B1C26D0D60096DBD9 /* Debug */,
				0AD7607C1C26D0D60096DBD9 /* Release */,
			);
			defaultConfigurationIsVisible = 0;
			defaultConfigurationName = Release;
		};
/* End XCConfigurationList section */
	};
	rootObject = 0AD7603F1C26D0D60096DBD9 /* Project object */;
}
